
Microsoft Visual Studio Solution File, Format Version 12.00
# Visual Studio Version 16
VisualStudioVersion = 25.0.1706.4
MinimumVisualStudioVersion = 10.0.40219.1
Project("{FAE04EC0-301F-11D3-BF4B-00C04F79EFBC}") = "ConvertLog.MyCDN", "CandidateTesting.HenriqueRibeiroGomes.MyCDN\ConvertLog.MyCDN.csproj", "{B1E95DDD-216B-4404-A142-8CDF98AFA37B}"
EndProject
Project("{FAE04EC0-301F-11D3-BF4B-00C04F79EFBC}") = "MyCDN.Teste", "MyCDN.Teste\MyCDN.Teste.csproj", "{EB1DF9B2-667B-47DC-9709-E5B8C9A0FBBA}"
EndProject
Global
	GlobalSection(SolutionConfigurationPlatforms) = preSolution
		Debug|Any CPU = Debug|Any CPU
		Release|Any CPU = Release|Any CPU
	EndGlobalSection
	GlobalSection(ProjectConfigurationPlatforms) = postSolution
		{B1E95DDD-216B-4404-A142-8CDF98AFA37B}.Debug|Any CPU.ActiveCfg = Debug|Any CPU
		{B1E95DDD-216B-4404-A142-8CDF98AFA37B}.Debug|Any CPU.Build.0 = Debug|Any CPU
		{B1E95DDD-216B-4404-A142-8CDF98AFA37B}.Release|Any CPU.ActiveCfg = Release|Any CPU
		{B1E95DDD-216B-4404-A142-8CDF98AFA37B}.Release|Any CPU.Build.0 = Release|Any CPU
		{EB1DF9B2-667B-47DC-9709-E5B8C9A0FBBA}.Debug|Any CPU.ActiveCfg = Debug|Any CPU
		{EB1DF9B2-667B-47DC-9709-E5B8C9A0FBBA}.Debug|Any CPU.Build.0 = Debug|Any CPU
		{EB1DF9B2-667B-47DC-9709-E5B8C9A0FBBA}.Release|Any CPU.ActiveCfg = Release|Any CPU
		{EB1DF9B2-667B-47DC-9709-E5B8C9A0FBBA}.Release|Any CPU.Build.0 = Release|Any CPU
	EndGlobalSection
	GlobalSection(SolutionProperties) = preSolution
		HideSolutionNode = FALSE
	EndGlobalSection
	GlobalSection(ExtensibilityGlobals) = postSolution
		SolutionGuid = {4E6482E7-6486-4E9B-91BD-872702082A81}
	EndGlobalSection
EndGlobal
